
Microsoft Visual Studio Solution File, Format Version 12.00
# Visual Studio Version 17
VisualStudioVersion = 17.2.32630.192
MinimumVisualStudioVersion = 10.0.40219.1
Project("{FAE04EC0-301F-11D3-BF4B-00C04F79EFBC}") = "Scrap Secado", "Scrap Secado.csproj", "{37B02165-EA74-412E-8F67-3D8ABC73B4D7}"
EndProject
Project("{FAE04EC0-301F-11D3-BF4B-00C04F79EFBC}") = "BE", "BE\BE.csproj", "{5CEBCC57-043B-47DC-A929-7B331C2C6028}"
EndProject
Global
	GlobalSection(SolutionConfigurationPlatforms) = preSolution
		Debug|Any CPU = Debug|Any CPU
		Release|Any CPU = Release|Any CPU
	EndGlobalSection
	GlobalSection(ProjectConfigurationPlatforms) = postSolution
		{37B02165-EA74-412E-8F67-3D8ABC73B4D7}.Debug|Any CPU.ActiveCfg = Debug|Any CPU
		{37B02165-EA74-412E-8F67-3D8ABC73B4D7}.Debug|Any CPU.Build.0 = Debug|Any CPU
		{37B02165-EA74-412E-8F67-3D8ABC73B4D7}.Release|Any CPU.ActiveCfg = Release|Any CPU
		{37B02165-EA74-412E-8F67-3D8ABC73B4D7}.Release|Any CPU.Build.0 = Release|Any CPU
		{5CEBCC57-043B-47DC-A929-7B331C2C6028}.Debug|Any CPU.ActiveCfg = Debug|Any CPU
		{5CEBCC57-043B-47DC-A929-7B331C2C6028}.Debug|Any CPU.Build.0 = Debug|Any CPU
		{5CEBCC57-043B-47DC-A929-7B331C2C6028}.Release|Any CPU.ActiveCfg = Release|Any CPU
		{5CEBCC57-043B-47DC-A929-7B331C2C6028}.Release|Any CPU.Build.0 = Release|Any CPU
	EndGlobalSection
	GlobalSection(SolutionProperties) = preSolution
		HideSolutionNode = FALSE
	EndGlobalSection
	GlobalSection(ExtensibilityGlobals) = postSolution
		SolutionGuid = {8E37B331-45E4-4DBF-AD15-F9E3B1D00418}
	EndGlobalSection
EndGlobal
